
Microsoft Visual Studio Solution File, Format Version 12.00
# Visual Studio Version 17
VisualStudioVersion = 17.10.35027.167
MinimumVisualStudioVersion = 10.0.40219.1
Project("{9A19103F-16F7-4668-BE54-9A1E7A4F7556}") = "MyCV", "MyCV\MyCV.csproj", "{20885227-AD09-49AF-BBF0-9CB2BCA37574}"
EndProject
Global
	GlobalSection(SolutionConfigurationPlatforms) = preSolution
		Debug|Any CPU = Debug|Any CPU
		Release|Any CPU = Release|Any CPU
	EndGlobalSection
	GlobalSection(ProjectConfigurationPlatforms) = postSolution
		{20885227-AD09-49AF-BBF0-9CB2BCA37574}.Debug|Any CPU.ActiveCfg = Debug|Any CPU
		{20885227-AD09-49AF-BBF0-9CB2BCA37574}.Debug|Any CPU.Build.0 = Debug|Any CPU
		{20885227-AD09-49AF-BBF0-9CB2BCA37574}.Release|Any CPU.ActiveCfg = Release|Any CPU
		{20885227-AD09-49AF-BBF0-9CB2BCA37574}.Release|Any CPU.Build.0 = Release|Any CPU
	EndGlobalSection
	GlobalSection(SolutionProperties) = preSolution
		HideSolutionNode = FALSE
	EndGlobalSection
	GlobalSection(ExtensibilityGlobals) = postSolution
		SolutionGuid = {1F271465-8E27-4573-8DBA-87F42163443D}
	EndGlobalSection
EndGlobal
